// !$*UTF8*$!
{
	archiveVersion = 1;
	classes = {
	};
	objectVersion = 56;
	objects = {

/* Begin PBXBuildFile section */
		4318C4532B79C5B3007D6B77 /* Color.swift in Sources */ = {isa = PBXBuildFile; fileRef = 4318C4522B79C5B3007D6B77 /* Color.swift */; };
		4318C4552B79C926007D6B77 /* Double.swift in Sources */ = {isa = PBXBuildFile; fileRef = 4318C4542B79C926007D6B77 /* Double.swift */; };
		4318C45D2B79CD3F007D6B77 /* CircleButtonView.swift in Sources */ = {isa = PBXBuildFile; fileRef = 4318C45B2B79CD3F007D6B77 /* CircleButtonView.swift */; };
		4318C45E2B79CD3F007D6B77 /* CircleButtonAnimationView.swift in Sources */ = {isa = PBXBuildFile; fileRef = 4318C45C2B79CD3F007D6B77 /* CircleButtonAnimationView.swift */; };
		4318C4632B79CE6B007D6B77 /* HomeView.swift in Sources */ = {isa = PBXBuildFile; fileRef = 4318C4622B79CE6B007D6B77 /* HomeView.swift */; };
		43260D232B60C4FF00731D8D /* CrytoTrackerApplicationApp.swift in Sources */ = {isa = PBXBuildFile; fileRef = 43260D222B60C4FF00731D8D /* CrytoTrackerApplicationApp.swift */; };
		43260D252B60C4FF00731D8D /* ContentView.swift in Sources */ = {isa = PBXBuildFile; fileRef = 43260D242B60C4FF00731D8D /* ContentView.swift */; };
		43260D2A2B60C50100731D8D /* Preview Assets.xcassets in Resources */ = {isa = PBXBuildFile; fileRef = 43260D292B60C50100731D8D /* Preview Assets.xcassets */; };
		436A225F2B93F953008A6538 /* PortfolioView.swift in Sources */ = {isa = PBXBuildFile; fileRef = 436A225E2B93F953008A6538 /* PortfolioView.swift */; };
		436A22622B9405AF008A6538 /* PortfolioContainer.xcdatamodeld in Sources */ = {isa = PBXBuildFile; fileRef = 436A22602B9405AF008A6538 /* PortfolioContainer.xcdatamodeld */; };
		436A22642B9405FE008A6538 /* PortfolioDataService.swift in Sources */ = {isa = PBXBuildFile; fileRef = 436A22632B9405FE008A6538 /* PortfolioDataService.swift */; };
		438443162B7B040200775F24 /* CoinModel.swift in Sources */ = {isa = PBXBuildFile; fileRef = 438443152B7B040200775F24 /* CoinModel.swift */; };
		438443182B7B04DF00775F24 /* CoinRowView.swift in Sources */ = {isa = PBXBuildFile; fileRef = 438443172B7B04DF00775F24 /* CoinRowView.swift */; };
		4384431A2B7B051600775F24 /* PreviewProvider.swift in Sources */ = {isa = PBXBuildFile; fileRef = 438443192B7B051600775F24 /* PreviewProvider.swift */; };
		438443202B7B05B900775F24 /* CoinImageViewModel.swift in Sources */ = {isa = PBXBuildFile; fileRef = 4384431D2B7B05B900775F24 /* CoinImageViewModel.swift */; };
		438443212B7B05B900775F24 /* CoinImageView.swift in Sources */ = {isa = PBXBuildFile; fileRef = 4384431E2B7B05B900775F24 /* CoinImageView.swift */; };
		438443222B7B05B900775F24 /* CoinLogoView.swift in Sources */ = {isa = PBXBuildFile; fileRef = 4384431F2B7B05B900775F24 /* CoinLogoView.swift */; };
		438443252B7B062C00775F24 /* CoinImageService.swift in Sources */ = {isa = PBXBuildFile; fileRef = 438443242B7B062C00775F24 /* CoinImageService.swift */; };
		438443282B7B070100775F24 /* LocalFileManager.swift in Sources */ = {isa = PBXBuildFile; fileRef = 438443272B7B070100775F24 /* LocalFileManager.swift */; };
		4384432A2B7B071100775F24 /* NetworkingManager.swift in Sources */ = {isa = PBXBuildFile; fileRef = 438443292B7B071100775F24 /* NetworkingManager.swift */; };
		4384432C2B7B0FB000775F24 /* HomeViewModel.swift in Sources */ = {isa = PBXBuildFile; fileRef = 4384432B2B7B0FB000775F24 /* HomeViewModel.swift */; };
		4384432E2B7B112500775F24 /* CoinDataService.swift in Sources */ = {isa = PBXBuildFile; fileRef = 4384432D2B7B112500775F24 /* CoinDataService.swift */; };
		43D5D01F2B9A9CB7000E3546 /* Assets.xcassets in Resources */ = {isa = PBXBuildFile; fileRef = 43D5D01E2B9A9CB7000E3546 /* Assets.xcassets */; };
		447DDAF72B96AC900028E2B7 /* NavigationLazyView.swift in Sources */ = {isa = PBXBuildFile; fileRef = 447DDAF62B96AC900028E2B7 /* NavigationLazyView.swift */; };
		447DDAFC2B96AE8C0028E2B7 /* DetailView.swift in Sources */ = {isa = PBXBuildFile; fileRef = 447DDAFB2B96AE8C0028E2B7 /* DetailView.swift */; };
		BBE5394E2B7BB23B00AA25EB /* SearchBarView.swift in Sources */ = {isa = PBXBuildFile; fileRef = BBE5394D2B7BB23B00AA25EB /* SearchBarView.swift */; };
/* End PBXBuildFile section */

/* Begin PBXFileReference section */
		4318C4522B79C5B3007D6B77 /* Color.swift */ = {isa = PBXFileReference; fileEncoding = 4; lastKnownFileType = sourcecode.swift; path = Color.swift; sourceTree = "<group>"; };
		4318C4542B79C926007D6B77 /* Double.swift */ = {isa = PBXFileReference; fileEncoding = 4; lastKnownFileType = sourcecode.swift; path = Double.swift; sourceTree = "<group>"; };
		4318C45B2B79CD3F007D6B77 /* CircleButtonView.swift */ = {isa = PBXFileReference; fileEncoding = 4; lastKnownFileType = sourcecode.swift; path = CircleButtonView.swift; sourceTree = "<group>"; };
		4318C45C2B79CD3F007D6B77 /* CircleButtonAnimationView.swift */ = {isa = PBXFileReference; fileEncoding = 4; lastKnownFileType = sourcecode.swift; path = CircleButtonAnimationView.swift; sourceTree = "<group>"; };
		4318C4622B79CE6B007D6B77 /* HomeView.swift */ = {isa = PBXFileReference; lastKnownFileType = sourcecode.swift; path = HomeView.swift; sourceTree = "<group>"; };
		43260D1F2B60C4FF00731D8D /* CrytoTrackerApplication.app */ = {isa = PBXFileReference; explicitFileType = wrapper.application; includeInIndex = 0; path = CrytoTrackerApplication.app; sourceTree = BUILT_PRODUCTS_DIR; };
		43260D222B60C4FF00731D8D /* CrytoTrackerApplicationApp.swift */ = {isa = PBXFileReference; lastKnownFileType = sourcecode.swift; path = CrytoTrackerApplicationApp.swift; sourceTree = "<group>"; };
		43260D242B60C4FF00731D8D /* ContentView.swift */ = {isa = PBXFileReference; lastKnownFileType = sourcecode.swift; path = ContentView.swift; sourceTree = "<group>"; };
		43260D292B60C50100731D8D /* Preview Assets.xcassets */ = {isa = PBXFileReference; lastKnownFileType = folder.assetcatalog; path = "Preview Assets.xcassets"; sourceTree = "<group>"; };
		436A225E2B93F953008A6538 /* PortfolioView.swift */ = {isa = PBXFileReference; lastKnownFileType = sourcecode.swift; path = PortfolioView.swift; sourceTree = "<group>"; };
		436A22612B9405AF008A6538 /* PortfolioContainer.xcdatamodel */ = {isa = PBXFileReference; lastKnownFileType = wrapper.xcdatamodel; path = PortfolioContainer.xcdatamodel; sourceTree = "<group>"; };
		436A22632B9405FE008A6538 /* PortfolioDataService.swift */ = {isa = PBXFileReference; lastKnownFileType = sourcecode.swift; path = PortfolioDataService.swift; sourceTree = "<group>"; };
		438443152B7B040200775F24 /* CoinModel.swift */ = {isa = PBXFileReference; fileEncoding = 4; lastKnownFileType = sourcecode.swift; path = CoinModel.swift; sourceTree = "<group>"; };
		438443172B7B04DF00775F24 /* CoinRowView.swift */ = {isa = PBXFileReference; fileEncoding = 4; lastKnownFileType = sourcecode.swift; path = CoinRowView.swift; sourceTree = "<group>"; };
		438443192B7B051600775F24 /* PreviewProvider.swift */ = {isa = PBXFileReference; fileEncoding = 4; lastKnownFileType = sourcecode.swift; path = PreviewProvider.swift; sourceTree = "<group>"; };
		4384431D2B7B05B900775F24 /* CoinImageViewModel.swift */ = {isa = PBXFileReference; fileEncoding = 4; lastKnownFileType = sourcecode.swift; path = CoinImageViewModel.swift; sourceTree = "<group>"; };
		4384431E2B7B05B900775F24 /* CoinImageView.swift */ = {isa = PBXFileReference; fileEncoding = 4; lastKnownFileType = sourcecode.swift; path = CoinImageView.swift; sourceTree = "<group>"; };
		4384431F2B7B05B900775F24 /* CoinLogoView.swift */ = {isa = PBXFileReference; fileEncoding = 4; lastKnownFileType = sourcecode.swift; path = CoinLogoView.swift; sourceTree = "<group>"; };
		438443242B7B062C00775F24 /* CoinImageService.swift */ = {isa = PBXFileReference; fileEncoding = 4; lastKnownFileType = sourcecode.swift; path = CoinImageService.swift; sourceTree = "<group>"; };
		438443272B7B070100775F24 /* LocalFileManager.swift */ = {isa = PBXFileReference; fileEncoding = 4; lastKnownFileType = sourcecode.swift; path = LocalFileManager.swift; sourceTree = "<group>"; };
		438443292B7B071100775F24 /* NetworkingManager.swift */ = {isa = PBXFileReference; fileEncoding = 4; lastKnownFileType = sourcecode.swift; path = NetworkingManager.swift; sourceTree = "<group>"; };
		4384432B2B7B0FB000775F24 /* HomeViewModel.swift */ = {isa = PBXFileReference; fileEncoding = 4; lastKnownFileType = sourcecode.swift; path = HomeViewModel.swift; sourceTree = "<group>"; };
		4384432D2B7B112500775F24 /* CoinDataService.swift */ = {isa = PBXFileReference; fileEncoding = 4; lastKnownFileType = sourcecode.swift; path = CoinDataService.swift; sourceTree = "<group>"; };
		43D5D01E2B9A9CB7000E3546 /* Assets.xcassets */ = {isa = PBXFileReference; lastKnownFileType = folder.assetcatalog; path = Assets.xcassets; sourceTree = "<group>"; };
		447DDAF62B96AC900028E2B7 /* NavigationLazyView.swift */ = {isa = PBXFileReference; lastKnownFileType = sourcecode.swift; path = NavigationLazyView.swift; sourceTree = "<group>"; };
		447DDAFB2B96AE8C0028E2B7 /* DetailView.swift */ = {isa = PBXFileReference; lastKnownFileType = sourcecode.swift; path = DetailView.swift; sourceTree = "<group>"; };
		BBE5394D2B7BB23B00AA25EB /* SearchBarView.swift */ = {isa = PBXFileReference; lastKnownFileType = sourcecode.swift; path = SearchBarView.swift; sourceTree = "<group>"; };
/* End PBXFileReference section */

/* Begin PBXFrameworksBuildPhase section */
		43260D1C2B60C4FF00731D8D /* Frameworks */ = {
			isa = PBXFrameworksBuildPhase;
			buildActionMask = 2147483647;
			files = (
			);
			runOnlyForDeploymentPostprocessing = 0;
		};
/* End PBXFrameworksBuildPhase section */

/* Begin PBXGroup section */
		4318C4512B79C5B3007D6B77 /* Extensions */ = {
			isa = PBXGroup;
			children = (
				438443192B7B051600775F24 /* PreviewProvider.swift */,
				4318C4542B79C926007D6B77 /* Double.swift */,
				4318C4522B79C5B3007D6B77 /* Color.swift */,
			);
			path = Extensions;
			sourceTree = "<group>";
		};
		4318C4582B79CD1E007D6B77 /* Core */ = {
			isa = PBXGroup;
			children = (
				4318C45F2B79CE46007D6B77 /* Home */,
				4318C4592B79CD26007D6B77 /* Components */,
			);
			path = Core;
			sourceTree = "<group>";
		};
		4318C4592B79CD26007D6B77 /* Components */ = {
			isa = PBXGroup;
			children = (
				447DDAF92B96AE770028E2B7 /* Details */,
				4384431C2B7B05A900775F24 /* CoinImage */,
				4318C45A2B79CD3F007D6B77 /* CircleButton */,
				BBE5394D2B7BB23B00AA25EB /* SearchBarView.swift */,
			);
			path = Components;
			sourceTree = "<group>";
		};
		4318C45A2B79CD3F007D6B77 /* CircleButton */ = {
			isa = PBXGroup;
			children = (
				4318C45B2B79CD3F007D6B77 /* CircleButtonView.swift */,
				4318C45C2B79CD3F007D6B77 /* CircleButtonAnimationView.swift */,
			);
			path = CircleButton;
			sourceTree = "<group>";
		};
		4318C45F2B79CE46007D6B77 /* Home */ = {
			isa = PBXGroup;
			children = (
				4384431B2B7B052C00775F24 /* ViewModels */,
				4318C4602B79CE4F007D6B77 /* Views */,
			);
			path = Home;
			sourceTree = "<group>";
		};
		4318C4602B79CE4F007D6B77 /* Views */ = {
			isa = PBXGroup;
			children = (
				438443172B7B04DF00775F24 /* CoinRowView.swift */,
				4318C4622B79CE6B007D6B77 /* HomeView.swift */,
				436A225E2B93F953008A6538 /* PortfolioView.swift */,
				447DDAF62B96AC900028E2B7 /* NavigationLazyView.swift */,
			);
			path = Views;
			sourceTree = "<group>";
		};
		43260D162B60C4FF00731D8D = {
			isa = PBXGroup;
			children = (
				43260D212B60C4FF00731D8D /* CrytoTrackerApplication */,
				43260D202B60C4FF00731D8D /* Products */,
			);
			sourceTree = "<group>";
		};
		43260D202B60C4FF00731D8D /* Products */ = {
			isa = PBXGroup;
			children = (
				43260D1F2B60C4FF00731D8D /* CrytoTrackerApplication.app */,
			);
			name = Products;
			sourceTree = "<group>";
		};
		43260D212B60C4FF00731D8D /* CrytoTrackerApplication */ = {
			isa = PBXGroup;
			children = (
				438443262B7B06F100775F24 /* Utilities */,
				438443232B7B061000775F24 /* Services */,
				438443142B7B03E400775F24 /* Models */,
				4318C4582B79CD1E007D6B77 /* Core */,
				4318C4512B79C5B3007D6B77 /* Extensions */,
				43260D222B60C4FF00731D8D /* CrytoTrackerApplicationApp.swift */,
				43260D242B60C4FF00731D8D /* ContentView.swift */,
				43D5D01E2B9A9CB7000E3546 /* Assets.xcassets */,
				43260D282B60C50100731D8D /* Preview Content */,
			);
			path = CrytoTrackerApplication;
			sourceTree = "<group>";
		};
		43260D282B60C50100731D8D /* Preview Content */ = {
			isa = PBXGroup;
			children = (
				43260D292B60C50100731D8D /* Preview Assets.xcassets */,
			);
			path = "Preview Content";
			sourceTree = "<group>";
		};
		438443142B7B03E400775F24 /* Models */ = {
			isa = PBXGroup;
			children = (
				436A22602B9405AF008A6538 /* PortfolioContainer.xcdatamodeld */,
				438443152B7B040200775F24 /* CoinModel.swift */,
			);
			path = Models;
			sourceTree = "<group>";
		};
		4384431B2B7B052C00775F24 /* ViewModels */ = {
			isa = PBXGroup;
			children = (
				4384432B2B7B0FB000775F24 /* HomeViewModel.swift */,
			);
			path = ViewModels;
			sourceTree = "<group>";
		};
		4384431C2B7B05A900775F24 /* CoinImage */ = {
			isa = PBXGroup;
			children = (
				4384431E2B7B05B900775F24 /* CoinImageView.swift */,
				4384431D2B7B05B900775F24 /* CoinImageViewModel.swift */,
				4384431F2B7B05B900775F24 /* CoinLogoView.swift */,
			);
			path = CoinImage;
			sourceTree = "<group>";
		};
		438443232B7B061000775F24 /* Services */ = {
			isa = PBXGroup;
			children = (
				4384432D2B7B112500775F24 /* CoinDataService.swift */,
				438443242B7B062C00775F24 /* CoinImageService.swift */,
				436A22632B9405FE008A6538 /* PortfolioDataService.swift */,
			);
			path = Services;
			sourceTree = "<group>";
		};
		438443262B7B06F100775F24 /* Utilities */ = {
			isa = PBXGroup;
			children = (
				438443292B7B071100775F24 /* NetworkingManager.swift */,
				438443272B7B070100775F24 /* LocalFileManager.swift */,
			);
			path = Utilities;
			sourceTree = "<group>";
		};
		447DDAF92B96AE770028E2B7 /* Details */ = {
			isa = PBXGroup;
			children = (
				447DDAFA2B96AE7E0028E2B7 /* Views */,
			);
			path = Details;
			sourceTree = "<group>";
		};
		447DDAFA2B96AE7E0028E2B7 /* Views */ = {
			isa = PBXGroup;
			children = (
				447DDAFB2B96AE8C0028E2B7 /* DetailView.swift */,
			);
			path = Views;
			sourceTree = "<group>";
		};
/* End PBXGroup section */

/* Begin PBXNativeTarget section */
		43260D1E2B60C4FF00731D8D /* CrytoTrackerApplication */ = {
			isa = PBXNativeTarget;
			buildConfigurationList = 43260D2D2B60C50100731D8D /* Build configuration list for PBXNativeTarget "CrytoTrackerApplication" */;
			buildPhases = (
				43260D1B2B60C4FF00731D8D /* Sources */,
				43260D1C2B60C4FF00731D8D /* Frameworks */,
				43260D1D2B60C4FF00731D8D /* Resources */,
			);
			buildRules = (
			);
			dependencies = (
			);
			name = CrytoTrackerApplication;
			productName = CrytoTrackerApplication;
			productReference = 43260D1F2B60C4FF00731D8D /* CrytoTrackerApplication.app */;
			productType = "com.apple.product-type.application";
		};
/* End PBXNativeTarget section */

/* Begin PBXProject section */
		43260D172B60C4FF00731D8D /* Project object */ = {
			isa = PBXProject;
			attributes = {
				BuildIndependentTargetsInParallel = 1;
				LastSwiftUpdateCheck = 1520;
				LastUpgradeCheck = 1520;
				TargetAttributes = {
					43260D1E2B60C4FF00731D8D = {
						CreatedOnToolsVersion = 15.2;
					};
				};
			};
			buildConfigurationList = 43260D1A2B60C4FF00731D8D /* Build configuration list for PBXProject "CrytoTrackerApplication" */;
			compatibilityVersion = "Xcode 14.0";
			developmentRegion = en;
			hasScannedForEncodings = 0;
			knownRegions = (
				en,
				Base,
			);
			mainGroup = 43260D162B60C4FF00731D8D;
			productRefGroup = 43260D202B60C4FF00731D8D /* Products */;
			projectDirPath = "";
			projectRoot = "";
			targets = (
				43260D1E2B60C4FF00731D8D /* CrytoTrackerApplication */,
			);
		};
/* End PBXProject section */

/* Begin PBXResourcesBuildPhase section */
		43260D1D2B60C4FF00731D8D /* Resources */ = {
			isa = PBXResourcesBuildPhase;
			buildActionMask = 2147483647;
			files = (
				43D5D01F2B9A9CB7000E3546 /* Assets.xcassets in Resources */,
				43260D2A2B60C50100731D8D /* Preview Assets.xcassets in Resources */,
			);
			runOnlyForDeploymentPostprocessing = 0;
		};
/* End PBXResourcesBuildPhase section */

/* Begin PBXSourcesBuildPhase section */
		43260D1B2B60C4FF00731D8D /* Sources */ = {
			isa = PBXSourcesBuildPhase;
			buildActionMask = 2147483647;
			files = (
				4384432C2B7B0FB000775F24 /* HomeViewModel.swift in Sources */,
				447DDAFC2B96AE8C0028E2B7 /* DetailView.swift in Sources */,
				438443182B7B04DF00775F24 /* CoinRowView.swift in Sources */,
				43260D252B60C4FF00731D8D /* ContentView.swift in Sources */,
				438443282B7B070100775F24 /* LocalFileManager.swift in Sources */,
				438443222B7B05B900775F24 /* CoinLogoView.swift in Sources */,
				4318C4632B79CE6B007D6B77 /* HomeView.swift in Sources */,
				436A22642B9405FE008A6538 /* PortfolioDataService.swift in Sources */,
				4384432E2B7B112500775F24 /* CoinDataService.swift in Sources */,
				4384432A2B7B071100775F24 /* NetworkingManager.swift in Sources */,
				43260D232B60C4FF00731D8D /* CrytoTrackerApplicationApp.swift in Sources */,
				4318C4552B79C926007D6B77 /* Double.swift in Sources */,
				447DDAF72B96AC900028E2B7 /* NavigationLazyView.swift in Sources */,
				438443212B7B05B900775F24 /* CoinImageView.swift in Sources */,
				436A225F2B93F953008A6538 /* PortfolioView.swift in Sources */,
				438443162B7B040200775F24 /* CoinModel.swift in Sources */,
				BBE5394E2B7BB23B00AA25EB /* SearchBarView.swift in Sources */,
				436A22622B9405AF008A6538 /* PortfolioContainer.xcdatamodeld in Sources */,
				4318C45D2B79CD3F007D6B77 /* CircleButtonView.swift in Sources */,
				4318C4532B79C5B3007D6B77 /* Color.swift in Sources */,
				438443202B7B05B900775F24 /* CoinImageViewModel.swift in Sources */,
				4318C45E2B79CD3F007D6B77 /* CircleButtonAnimationView.swift in Sources */,
				438443252B7B062C00775F24 /* CoinImageService.swift in Sources */,
				4384431A2B7B051600775F24 /* PreviewProvider.swift in Sources */,
			);
			runOnlyForDeploymentPostprocessing = 0;
		};
/* End PBXSourcesBuildPhase section */

/* Begin XCBuildConfiguration section */
		43260D2B2B60C50100731D8D /* Debug */ = {
			isa = XCBuildConfiguration;
			buildSettings = {
				ALWAYS_SEARCH_USER_PATHS = NO;
				ASSETCATALOG_COMPILER_GENERATE_SWIFT_ASSET_SYMBOL_EXTENSIONS = YES;
				CLANG_ANALYZER_NONNULL = YES;
				CLANG_ANALYZER_NUMBER_OBJECT_CONVERSION = YES_AGGRESSIVE;
				CLANG_CXX_LANGUAGE_STANDARD = "gnu++20";
				CLANG_ENABLE_MODULES = YES;
				CLANG_ENABLE_OBJC_ARC = YES;
				CLANG_ENABLE_OBJC_WEAK = YES;
				CLANG_WARN_BLOCK_CAPTURE_AUTORELEASING = YES;
				CLANG_WARN_BOOL_CONVERSION = YES;
				CLANG_WARN_COMMA = YES;
				CLANG_WARN_CONSTANT_CONVERSION = YES;
				CLANG_WARN_DEPRECATED_OBJC_IMPLEMENTATIONS = YES;
				CLANG_WARN_DIRECT_OBJC_ISA_USAGE = YES_ERROR;
				CLANG_WARN_DOCUMENTATION_COMMENTS = YES;
				CLANG_WARN_EMPTY_BODY = YES;
				CLANG_WARN_ENUM_CONVERSION = YES;
				CLANG_WARN_INFINITE_RECURSION = YES;
				CLANG_WARN_INT_CONVERSION = YES;
				CLANG_WARN_NON_LITERAL_NULL_CONVERSION = YES;
				CLANG_WARN_OBJC_IMPLICIT_RETAIN_SELF = YES;
				CLANG_WARN_OBJC_LITERAL_CONVERSION = YES;
				CLANG_WARN_OBJC_ROOT_CLASS = YES_ERROR;
				CLANG_WARN_QUOTED_INCLUDE_IN_FRAMEWORK_HEADER = YES;
				CLANG_WARN_RANGE_LOOP_ANALYSIS = YES;
				CLANG_WARN_STRICT_PROTOTYPES = YES;
				CLANG_WARN_SUSPICIOUS_MOVE = YES;
				CLANG_WARN_UNGUARDED_AVAILABILITY = YES_AGGRESSIVE;
				CLANG_WARN_UNREACHABLE_CODE = YES;
				CLANG_WARN__DUPLICATE_METHOD_MATCH = YES;
				COPY_PHASE_STRIP = NO;
				DEBUG_INFORMATION_FORMAT = dwarf;
				ENABLE_STRICT_OBJC_MSGSEND = YES;
				ENABLE_TESTABILITY = YES;
				ENABLE_USER_SCRIPT_SANDBOXING = YES;
				GCC_C_LANGUAGE_STANDARD = gnu17;
				GCC_DYNAMIC_NO_PIC = NO;
				GCC_NO_COMMON_BLOCKS = YES;
				GCC_OPTIMIZATION_LEVEL = 0;
				GCC_PREPROCESSOR_DEFINITIONS = (
					"DEBUG=1",
					"$(inherited)",
				);
				GCC_WARN_64_TO_32_BIT_CONVERSION = YES;
				GCC_WARN_ABOUT_RETURN_TYPE = YES_ERROR;
				GCC_WARN_UNDECLARED_SELECTOR = YES;
				GCC_WARN_UNINITIALIZED_AUTOS = YES_AGGRESSIVE;
				GCC_WARN_UNUSED_FUNCTION = YES;
				GCC_WARN_UNUSED_VARIABLE = YES;
				IPHONEOS_DEPLOYMENT_TARGET = 17.2;
				LOCALIZATION_PREFERS_STRING_CATALOGS = YES;
				MTL_ENABLE_DEBUG_INFO = INCLUDE_SOURCE;
				MTL_FAST_MATH = YES;
				ONLY_ACTIVE_ARCH = YES;
				SDKROOT = iphoneos;
				SWIFT_ACTIVE_COMPILATION_CONDITIONS = "DEBUG $(inherited)";
				SWIFT_OPTIMIZATION_LEVEL = "-Onone";
			};
			name = Debug;
		};
		43260D2C2B60C50100731D8D /* Release */ = {
			isa = XCBuildConfiguration;
			buildSettings = {
				ALWAYS_SEARCH_USER_PATHS = NO;
				ASSETCATALOG_COMPILER_GENERATE_SWIFT_ASSET_SYMBOL_EXTENSIONS = YES;
				CLANG_ANALYZER_NONNULL = YES;
				CLANG_ANALYZER_NUMBER_OBJECT_CONVERSION = YES_AGGRESSIVE;
				CLANG_CXX_LANGUAGE_STANDARD = "gnu++20";
				CLANG_ENABLE_MODULES = YES;
				CLANG_ENABLE_OBJC_ARC = YES;
				CLANG_ENABLE_OBJC_WEAK = YES;
				CLANG_WARN_BLOCK_CAPTURE_AUTORELEASING = YES;
				CLANG_WARN_BOOL_CONVERSION = YES;
				CLANG_WARN_COMMA = YES;
				CLANG_WARN_CONSTANT_CONVERSION = YES;
				CLANG_WARN_DEPRECATED_OBJC_IMPLEMENTATIONS = YES;
				CLANG_WARN_DIRECT_OBJC_ISA_USAGE = YES_ERROR;
				CLANG_WARN_DOCUMENTATION_COMMENTS = YES;
				CLANG_WARN_EMPTY_BODY = YES;
				CLANG_WARN_ENUM_CONVERSION = YES;
				CLANG_WARN_INFINITE_RECURSION = YES;
				CLANG_WARN_INT_CONVERSION = YES;
				CLANG_WARN_NON_LITERAL_NULL_CONVERSION = YES;
				CLANG_WARN_OBJC_IMPLICIT_RETAIN_SELF = YES;
				CLANG_WARN_OBJC_LITERAL_CONVERSION = YES;
				CLANG_WARN_OBJC_ROOT_CLASS = YES_ERROR;
				CLANG_WARN_QUOTED_INCLUDE_IN_FRAMEWORK_HEADER = YES;
				CLANG_WARN_RANGE_LOOP_ANALYSIS = YES;
				CLANG_WARN_STRICT_PROTOTYPES = YES;
				CLANG_WARN_SUSPICIOUS_MOVE = YES;
				CLANG_WARN_UNGUARDED_AVAILABILITY = YES_AGGRESSIVE;
				CLANG_WARN_UNREACHABLE_CODE = YES;
				CLANG_WARN__DUPLICATE_METHOD_MATCH = YES;
				COPY_PHASE_STRIP = NO;
				DEBUG_INFORMATION_FORMAT = "dwarf-with-dsym";
				ENABLE_NS_ASSERTIONS = NO;
				ENABLE_STRICT_OBJC_MSGSEND = YES;
				ENABLE_USER_SCRIPT_SANDBOXING = YES;
				GCC_C_LANGUAGE_STANDARD = gnu17;
				GCC_NO_COMMON_BLOCKS = YES;
				GCC_WARN_64_TO_32_BIT_CONVERSION = YES;
				GCC_WARN_ABOUT_RETURN_TYPE = YES_ERROR;
				GCC_WARN_UNDECLARED_SELECTOR = YES;
				GCC_WARN_UNINITIALIZED_AUTOS = YES_AGGRESSIVE;
				GCC_WARN_UNUSED_FUNCTION = YES;
				GCC_WARN_UNUSED_VARIABLE = YES;
				IPHONEOS_DEPLOYMENT_TARGET = 17.2;
				LOCALIZATION_PREFERS_STRING_CATALOGS = YES;
				MTL_ENABLE_DEBUG_INFO = NO;
				MTL_FAST_MATH = YES;
				SDKROOT = iphoneos;
				SWIFT_COMPILATION_MODE = wholemodule;
				VALIDATE_PRODUCT = YES;
			};
			name = Release;
		};
		43260D2E2B60C50100731D8D /* Debug */ = {
			isa = XCBuildConfiguration;
			buildSettings = {
				ASSETCATALOG_COMPILER_APPICON_NAME = AppIcon;
				ASSETCATALOG_COMPILER_GLOBAL_ACCENT_COLOR_NAME = AccentColor;
				CODE_SIGN_STYLE = Automatic;
				CURRENT_PROJECT_VERSION = 1;
				DEVELOPMENT_ASSET_PATHS = "\"CrytoTrackerApplication/Preview Content\"";
				DEVELOPMENT_TEAM = 7QQ9QFHNNT;
				ENABLE_PREVIEWS = YES;
				GENERATE_INFOPLIST_FILE = YES;
				INFOPLIST_KEY_UIApplicationSceneManifest_Generation = YES;
				INFOPLIST_KEY_UIApplicationSupportsIndirectInputEvents = YES;
				INFOPLIST_KEY_UILaunchScreen_Generation = YES;
				INFOPLIST_KEY_UISupportedInterfaceOrientations_iPad = "UIInterfaceOrientationPortrait UIInterfaceOrientationPortraitUpsideDown UIInterfaceOrientationLandscapeLeft UIInterfaceOrientationLandscapeRight";
				INFOPLIST_KEY_UISupportedInterfaceOrientations_iPhone = "UIInterfaceOrientationPortrait UIInterfaceOrientationLandscapeLeft UIInterfaceOrientationLandscapeRight";
				LD_RUNPATH_SEARCH_PATHS = (
					"$(inherited)",
					"@executable_path/Frameworks",
				);
				MARKETING_VERSION = 1.0;
				PRODUCT_BUNDLE_IDENTIFIER = com.chandru.1174815.CrytoTrackerApplication;
				PRODUCT_NAME = "$(TARGET_NAME)";
				SWIFT_EMIT_LOC_STRINGS = YES;
				SWIFT_VERSION = 5.0;
				TARGETED_DEVICE_FAMILY = "1,2";
			};
			name = Debug;
		};
		43260D2F2B60C50100731D8D /* Release */ = {
			isa = XCBuildConfiguration;
			buildSettings = {
				ASSETCATALOG_COMPILER_APPICON_NAME = AppIcon;
				ASSETCATALOG_COMPILER_GLOBAL_ACCENT_COLOR_NAME = AccentColor;
				CODE_SIGN_STYLE = Automatic;
				CURRENT_PROJECT_VERSION = 1;
				DEVELOPMENT_ASSET_PATHS = "\"CrytoTrackerApplication/Preview Content\"";
				DEVELOPMENT_TEAM = 7QQ9QFHNNT;
				ENABLE_PREVIEWS = YES;
				GENERATE_INFOPLIST_FILE = YES;
				INFOPLIST_KEY_UIApplicationSceneManifest_Generation = YES;
				INFOPLIST_KEY_UIApplicationSupportsIndirectInputEvents = YES;
				INFOPLIST_KEY_UILaunchScreen_Generation = YES;
				INFOPLIST_KEY_UISupportedInterfaceOrientations_iPad = "UIInterfaceOrientationPortrait UIInterfaceOrientationPortraitUpsideDown UIInterfaceOrientationLandscapeLeft UIInterfaceOrientationLandscapeRight";
				INFOPLIST_KEY_UISupportedInterfaceOrientations_iPhone = "UIInterfaceOrientationPortrait UIInterfaceOrientationLandscapeLeft UIInterfaceOrientationLandscapeRight";
				LD_RUNPATH_SEARCH_PATHS = (
					"$(inherited)",
					"@executable_path/Frameworks",
				);
				MARKETING_VERSION = 1.0;
				PRODUCT_BUNDLE_IDENTIFIER = com.chandru.1174815.CrytoTrackerApplication;
				PRODUCT_NAME = "$(TARGET_NAME)";
				SWIFT_EMIT_LOC_STRINGS = YES;
				SWIFT_VERSION = 5.0;
				TARGETED_DEVICE_FAMILY = "1,2";
			};
			name = Release;
		};
/* End XCBuildConfiguration section */

/* Begin XCConfigurationList section */
		43260D1A2B60C4FF00731D8D /* Build configuration list for PBXProject "CrytoTrackerApplication" */ = {
			isa = XCConfigurationList;
			buildConfigurations = (
				43260D2B2B60C50100731D8D /* Debug */,
				43260D2C2B60C50100731D8D /* Release */,
			);
			defaultConfigurationIsVisible = 0;
			defaultConfigurationName = Release;
		};
		43260D2D2B60C50100731D8D /* Build configuration list for PBXNativeTarget "CrytoTrackerApplication" */ = {
			isa = XCConfigurationList;
			buildConfigurations = (
				43260D2E2B60C50100731D8D /* Debug */,
				43260D2F2B60C50100731D8D /* Release */,
			);
			defaultConfigurationIsVisible = 0;
			defaultConfigurationName = Release;
		};
/* End XCConfigurationList section */

/* Begin XCVersionGroup section */
		436A22602B9405AF008A6538 /* PortfolioContainer.xcdatamodeld */ = {
			isa = XCVersionGroup;
			children = (
				436A22612B9405AF008A6538 /* PortfolioContainer.xcdatamodel */,
			);
			currentVersion = 436A22612B9405AF008A6538 /* PortfolioContainer.xcdatamodel */;
			path = PortfolioContainer.xcdatamodeld;
			sourceTree = "<group>";
			versionGroupType = wrapper.xcdatamodel;
		};
/* End XCVersionGroup section */
	};
	rootObject = 43260D172B60C4FF00731D8D /* Project object */;
}
